
Microsoft Visual Studio Solution File, Format Version 12.00
# Visual Studio 15
VisualStudioVersion = 15.0.28307.1259
MinimumVisualStudioVersion = 10.0.40219.1
Project("{FAE04EC0-301F-11D3-BF4B-00C04F79EFBC}") = "Otomata", "Otomata\Otomata.csproj", "{CBE95BFE-C7A1-4D77-BBB5-9BD445085F19}"
	ProjectSection(ProjectDependencies) = postProject
		{B91FDF1A-28AF-4638-8EAB-575737DB0C3B} = {B91FDF1A-28AF-4638-8EAB-575737DB0C3B}
	EndProjectSection
EndProject
Project("{FAE04EC0-301F-11D3-BF4B-00C04F79EFBC}") = "RentACar", "Service\RentACar.csproj", "{B91FDF1A-28AF-4638-8EAB-575737DB0C3B}"
EndProject
Global
	GlobalSection(SolutionConfigurationPlatforms) = preSolution
		Debug|Any CPU = Debug|Any CPU
		Release|Any CPU = Release|Any CPU
	EndGlobalSection
	GlobalSection(ProjectConfigurationPlatforms) = postSolution
		{CBE95BFE-C7A1-4D77-BBB5-9BD445085F19}.Debug|Any CPU.ActiveCfg = Debug|Any CPU
		{CBE95BFE-C7A1-4D77-BBB5-9BD445085F19}.Debug|Any CPU.Build.0 = Debug|Any CPU
		{CBE95BFE-C7A1-4D77-BBB5-9BD445085F19}.Release|Any CPU.ActiveCfg = Release|Any CPU
		{CBE95BFE-C7A1-4D77-BBB5-9BD445085F19}.Release|Any CPU.Build.0 = Release|Any CPU
		{B91FDF1A-28AF-4638-8EAB-575737DB0C3B}.Debug|Any CPU.ActiveCfg = Debug|Any CPU
		{B91FDF1A-28AF-4638-8EAB-575737DB0C3B}.Debug|Any CPU.Build.0 = Debug|Any CPU
		{B91FDF1A-28AF-4638-8EAB-575737DB0C3B}.Release|Any CPU.ActiveCfg = Release|Any CPU
		{B91FDF1A-28AF-4638-8EAB-575737DB0C3B}.Release|Any CPU.Build.0 = Release|Any CPU
	EndGlobalSection
	GlobalSection(SolutionProperties) = preSolution
		HideSolutionNode = FALSE
	EndGlobalSection
	GlobalSection(ExtensibilityGlobals) = postSolution
		SolutionGuid = {23AFB2A0-A3FA-4AF5-9903-9C7FD8AC87C2}
	EndGlobalSection
EndGlobal
